{
	"name": "@casl/ability",
	"version": "3.2.0",
	"lockfileVersion": 1,
	"requires": true,
	"dependencies": {
		"sift": {
			"version": "8.5.0",
			"resolved": "https://registry.npmjs.org/sift/-/sift-8.5.0.tgz",
			"integrity": "sha512-IdHwlvlDbHYmcPYOfkU89Qo29cPR7fLM0htfeUP9YxeU213oKYH/6d416z+vFj6ArCsH+AzQQ8/rd1TIzRE7LQ=="
		}
	}
}
